
Microsoft Visual Studio Solution File, Format Version 12.00
# Visual Studio Version 17
VisualStudioVersion = 17.4.33103.184
MinimumVisualStudioVersion = 10.0.40219.1
Project("{FAE04EC0-301F-11D3-BF4B-00C04F79EFBC}") = "AddingElementApp", "AddingElementApp\AddingElementApp.csproj", "{35FD726E-D043-4672-B5F6-35BA0052B923}"
EndProject
Global
	GlobalSection(SolutionConfigurationPlatforms) = preSolution
		Debug|Any CPU = Debug|Any CPU
		Release|Any CPU = Release|Any CPU
	EndGlobalSection
	GlobalSection(ProjectConfigurationPlatforms) = postSolution
		{35FD726E-D043-4672-B5F6-35BA0052B923}.Debug|Any CPU.ActiveCfg = Debug|Any CPU
		{35FD726E-D043-4672-B5F6-35BA0052B923}.Debug|Any CPU.Build.0 = Debug|Any CPU
		{35FD726E-D043-4672-B5F6-35BA0052B923}.Release|Any CPU.ActiveCfg = Release|Any CPU
		{35FD726E-D043-4672-B5F6-35BA0052B923}.Release|Any CPU.Build.0 = Release|Any CPU
	EndGlobalSection
	GlobalSection(SolutionProperties) = preSolution
		HideSolutionNode = FALSE
	EndGlobalSection
	GlobalSection(ExtensibilityGlobals) = postSolution
		SolutionGuid = {16BE1269-B6D3-4A33-A1ED-B26C7669C7E5}
	EndGlobalSection
EndGlobal
